
Microsoft Visual Studio Solution File, Format Version 12.00
# Visual Studio Version 16
VisualStudioVersion = 16.0.31402.337
MinimumVisualStudioVersion = 10.0.40219.1
Project("{FAE04EC0-301F-11D3-BF4B-00C04F79EFBC}") = "Service Desk", "Service Desk\Service Desk.csproj", "{E1E1AC71-D564-47C6-8B28-ED5A545786F1}"
EndProject
Global
	GlobalSection(SolutionConfigurationPlatforms) = preSolution
		Debug|Any CPU = Debug|Any CPU
		Release|Any CPU = Release|Any CPU
	EndGlobalSection
	GlobalSection(ProjectConfigurationPlatforms) = postSolution
		{E1E1AC71-D564-47C6-8B28-ED5A545786F1}.Debug|Any CPU.ActiveCfg = Debug|Any CPU
		{E1E1AC71-D564-47C6-8B28-ED5A545786F1}.Debug|Any CPU.Build.0 = Debug|Any CPU
		{E1E1AC71-D564-47C6-8B28-ED5A545786F1}.Release|Any CPU.ActiveCfg = Release|Any CPU
		{E1E1AC71-D564-47C6-8B28-ED5A545786F1}.Release|Any CPU.Build.0 = Release|Any CPU
	EndGlobalSection
	GlobalSection(SolutionProperties) = preSolution
		HideSolutionNode = FALSE
	EndGlobalSection
	GlobalSection(ExtensibilityGlobals) = postSolution
		SolutionGuid = {7134537F-35C0-4593-B8C3-C4D6D12F0EF8}
	EndGlobalSection
EndGlobal
